
Microsoft Visual Studio Solution File, Format Version 12.00
# Visual Studio 2013
VisualStudioVersion = 12.0.21005.1
MinimumVisualStudioVersion = 10.0.40219.1
Project("{FAE04EC0-301F-11D3-BF4B-00C04F79EFBC}") = "ServidosSocket", "ServidorSocket\ServidosSocket.csproj", "{FD1D6582-8251-4A9F-98CF-2E827D154248}"
EndProject
Project("{FAE04EC0-301F-11D3-BF4B-00C04F79EFBC}") = "ClientSocket", "ClientSocket\ClientSocket.csproj", "{1B69E035-BD2A-4F34-B03A-DFB27F73686B}"
EndProject
Global
	GlobalSection(SolutionConfigurationPlatforms) = preSolution
		Debug|Any CPU = Debug|Any CPU
		Release|Any CPU = Release|Any CPU
	EndGlobalSection
	GlobalSection(ProjectConfigurationPlatforms) = postSolution
		{FD1D6582-8251-4A9F-98CF-2E827D154248}.Debug|Any CPU.ActiveCfg = Debug|Any CPU
		{FD1D6582-8251-4A9F-98CF-2E827D154248}.Debug|Any CPU.Build.0 = Debug|Any CPU
		{FD1D6582-8251-4A9F-98CF-2E827D154248}.Release|Any CPU.ActiveCfg = Release|Any CPU
		{FD1D6582-8251-4A9F-98CF-2E827D154248}.Release|Any CPU.Build.0 = Release|Any CPU
		{1B69E035-BD2A-4F34-B03A-DFB27F73686B}.Debug|Any CPU.ActiveCfg = Debug|Any CPU
		{1B69E035-BD2A-4F34-B03A-DFB27F73686B}.Debug|Any CPU.Build.0 = Debug|Any CPU
		{1B69E035-BD2A-4F34-B03A-DFB27F73686B}.Release|Any CPU.ActiveCfg = Release|Any CPU
		{1B69E035-BD2A-4F34-B03A-DFB27F73686B}.Release|Any CPU.Build.0 = Release|Any CPU
	EndGlobalSection
	GlobalSection(SolutionProperties) = preSolution
		HideSolutionNode = FALSE
	EndGlobalSection
EndGlobal
