
Microsoft Visual Studio Solution File, Format Version 12.00
# Visual Studio 2013
VisualStudioVersion = 12.0.21005.1
MinimumVisualStudioVersion = 10.0.40219.1
Project("{FAE04EC0-301F-11D3-BF4B-00C04F79EFBC}") = "ClientSocket", "ClientSocket\ClientSocket.csproj", "{6BDB3B79-A945-435C-BF2E-E40CA51D0C4F}"
EndProject
Project("{FAE04EC0-301F-11D3-BF4B-00C04F79EFBC}") = "ServidorSocket", "ServidorSocket\ServidorSocket.csproj", "{7E27A612-A94B-4156-A8BC-09037D95D6B1}"
EndProject
Global
	GlobalSection(SolutionConfigurationPlatforms) = preSolution
		Debug|Any CPU = Debug|Any CPU
		Release|Any CPU = Release|Any CPU
	EndGlobalSection
	GlobalSection(ProjectConfigurationPlatforms) = postSolution
		{6BDB3B79-A945-435C-BF2E-E40CA51D0C4F}.Debug|Any CPU.ActiveCfg = Debug|Any CPU
		{6BDB3B79-A945-435C-BF2E-E40CA51D0C4F}.Debug|Any CPU.Build.0 = Debug|Any CPU
		{6BDB3B79-A945-435C-BF2E-E40CA51D0C4F}.Release|Any CPU.ActiveCfg = Release|Any CPU
		{6BDB3B79-A945-435C-BF2E-E40CA51D0C4F}.Release|Any CPU.Build.0 = Release|Any CPU
		{7E27A612-A94B-4156-A8BC-09037D95D6B1}.Debug|Any CPU.ActiveCfg = Debug|Any CPU
		{7E27A612-A94B-4156-A8BC-09037D95D6B1}.Debug|Any CPU.Build.0 = Debug|Any CPU
		{7E27A612-A94B-4156-A8BC-09037D95D6B1}.Release|Any CPU.ActiveCfg = Release|Any CPU
		{7E27A612-A94B-4156-A8BC-09037D95D6B1}.Release|Any CPU.Build.0 = Release|Any CPU
	EndGlobalSection
	GlobalSection(SolutionProperties) = preSolution
		HideSolutionNode = FALSE
	EndGlobalSection
EndGlobal
